
Microsoft Visual Studio Solution File, Format Version 12.00
# Visual Studio Version 17
VisualStudioVersion = 17.3.32901.215
MinimumVisualStudioVersion = 10.0.40219.1
Project("{FAE04EC0-301F-11D3-BF4B-00C04F79EFBC}") = "SwitchBot.Api", "SwitchBot.Api\SwitchBot.Api.csproj", "{E1B8FF47-AAAC-4425-BA70-0578129C3B5C}"
EndProject
Global
	GlobalSection(SolutionConfigurationPlatforms) = preSolution
		Debug|Any CPU = Debug|Any CPU
		Release|Any CPU = Release|Any CPU
	EndGlobalSection
	GlobalSection(ProjectConfigurationPlatforms) = postSolution
		{E1B8FF47-AAAC-4425-BA70-0578129C3B5C}.Debug|Any CPU.ActiveCfg = Debug|Any CPU
		{E1B8FF47-AAAC-4425-BA70-0578129C3B5C}.Debug|Any CPU.Build.0 = Debug|Any CPU
		{E1B8FF47-AAAC-4425-BA70-0578129C3B5C}.Release|Any CPU.ActiveCfg = Release|Any CPU
		{E1B8FF47-AAAC-4425-BA70-0578129C3B5C}.Release|Any CPU.Build.0 = Release|Any CPU
	EndGlobalSection
	GlobalSection(SolutionProperties) = preSolution
		HideSolutionNode = FALSE
	EndGlobalSection
	GlobalSection(ExtensibilityGlobals) = postSolution
		SolutionGuid = {40AAC7AF-88DF-46C7-B642-DB1E77B508F4}
	EndGlobalSection
EndGlobal
